
Microsoft Visual Studio Solution File, Format Version 12.00
# Visual Studio Version 16
VisualStudioVersion = 16.0.30413.136
MinimumVisualStudioVersion = 10.0.40219.1
Project("{9A19103F-16F7-4668-BE54-9A1E7A4F7556}") = "StockMarketCharting.Models", "StockMarketCharting.Models\StockMarketCharting.Models.csproj", "{3BF0715D-210A-4048-A61D-2979FDD418CB}"
EndProject
Project("{9A19103F-16F7-4668-BE54-9A1E7A4F7556}") = "StockExchangeMicroservice", "StockExchangeMicroservice\StockExchangeMicroservice.csproj", "{5B930F4E-6302-4596-9298-6F09B8608EFA}"
EndProject
Project("{9A19103F-16F7-4668-BE54-9A1E7A4F7556}") = "SectorMicroservice", "SectorMicroservice\SectorMicroservice.csproj", "{8A011E1F-F207-4528-8072-4AB8EB1BCE21}"
EndProject
Project("{9A19103F-16F7-4668-BE54-9A1E7A4F7556}") = "CompanyMicroservice", "CompanyMicroservice\CompanyMicroservice.csproj", "{56311A80-6E9D-4BC5-BEE6-6386E1AC1332}"
EndProject
Project("{9A19103F-16F7-4668-BE54-9A1E7A4F7556}") = "UploadMicroservice", "UploadMicroservice\UploadMicroservice.csproj", "{EEF80BEE-A2E5-44A0-8AC1-6E0449964A1E}"
EndProject
Project("{9A19103F-16F7-4668-BE54-9A1E7A4F7556}") = "AuthMicroservice", "AdminMicroservice\AuthMicroservice.csproj", "{5E19E13D-4D9A-476A-A88B-000EA8648CD7}"
EndProject
Project("{9A19103F-16F7-4668-BE54-9A1E7A4F7556}") = "APIGateway", "APIGateway\APIGateway.csproj", "{2A190558-1225-409B-9183-6222B1E81FBE}"
EndProject
Project("{9A19103F-16F7-4668-BE54-9A1E7A4F7556}") = "DataCreationMicroservice", "DataCreationMicroservice\DataCreationMicroservice.csproj", "{6582FC1E-E9CF-47A8-AE52-665A2D5B55CC}"
EndProject
Project("{9A19103F-16F7-4668-BE54-9A1E7A4F7556}") = "Microservices.Tests.Unit", "Microservices.Tests.Unit\Microservices.Tests.Unit.csproj", "{FC1F9C43-7D19-4B9E-8BE1-3595CBA6A438}"
EndProject
Global
	GlobalSection(SolutionConfigurationPlatforms) = preSolution
		Debug|Any CPU = Debug|Any CPU
		Release|Any CPU = Release|Any CPU
	EndGlobalSection
	GlobalSection(ProjectConfigurationPlatforms) = postSolution
		{3BF0715D-210A-4048-A61D-2979FDD418CB}.Debug|Any CPU.ActiveCfg = Debug|Any CPU
		{3BF0715D-210A-4048-A61D-2979FDD418CB}.Debug|Any CPU.Build.0 = Debug|Any CPU
		{3BF0715D-210A-4048-A61D-2979FDD418CB}.Release|Any CPU.ActiveCfg = Release|Any CPU
		{3BF0715D-210A-4048-A61D-2979FDD418CB}.Release|Any CPU.Build.0 = Release|Any CPU
		{5B930F4E-6302-4596-9298-6F09B8608EFA}.Debug|Any CPU.ActiveCfg = Debug|Any CPU
		{5B930F4E-6302-4596-9298-6F09B8608EFA}.Debug|Any CPU.Build.0 = Debug|Any CPU
		{5B930F4E-6302-4596-9298-6F09B8608EFA}.Release|Any CPU.ActiveCfg = Release|Any CPU
		{5B930F4E-6302-4596-9298-6F09B8608EFA}.Release|Any CPU.Build.0 = Release|Any CPU
		{8A011E1F-F207-4528-8072-4AB8EB1BCE21}.Debug|Any CPU.ActiveCfg = Debug|Any CPU
		{8A011E1F-F207-4528-8072-4AB8EB1BCE21}.Debug|Any CPU.Build.0 = Debug|Any CPU
		{8A011E1F-F207-4528-8072-4AB8EB1BCE21}.Release|Any CPU.ActiveCfg = Release|Any CPU
		{8A011E1F-F207-4528-8072-4AB8EB1BCE21}.Release|Any CPU.Build.0 = Release|Any CPU
		{56311A80-6E9D-4BC5-BEE6-6386E1AC1332}.Debug|Any CPU.ActiveCfg = Debug|Any CPU
		{56311A80-6E9D-4BC5-BEE6-6386E1AC1332}.Debug|Any CPU.Build.0 = Debug|Any CPU
		{56311A80-6E9D-4BC5-BEE6-6386E1AC1332}.Release|Any CPU.ActiveCfg = Release|Any CPU
		{56311A80-6E9D-4BC5-BEE6-6386E1AC1332}.Release|Any CPU.Build.0 = Release|Any CPU
		{EEF80BEE-A2E5-44A0-8AC1-6E0449964A1E}.Debug|Any CPU.ActiveCfg = Debug|Any CPU
		{EEF80BEE-A2E5-44A0-8AC1-6E0449964A1E}.Debug|Any CPU.Build.0 = Debug|Any CPU
		{EEF80BEE-A2E5-44A0-8AC1-6E0449964A1E}.Release|Any CPU.ActiveCfg = Release|Any CPU
		{EEF80BEE-A2E5-44A0-8AC1-6E0449964A1E}.Release|Any CPU.Build.0 = Release|Any CPU
		{5E19E13D-4D9A-476A-A88B-000EA8648CD7}.Debug|Any CPU.ActiveCfg = Debug|Any CPU
		{5E19E13D-4D9A-476A-A88B-000EA8648CD7}.Debug|Any CPU.Build.0 = Debug|Any CPU
		{5E19E13D-4D9A-476A-A88B-000EA8648CD7}.Release|Any CPU.ActiveCfg = Release|Any CPU
		{5E19E13D-4D9A-476A-A88B-000EA8648CD7}.Release|Any CPU.Build.0 = Release|Any CPU
		{2A190558-1225-409B-9183-6222B1E81FBE}.Debug|Any CPU.ActiveCfg = Debug|Any CPU
		{2A190558-1225-409B-9183-6222B1E81FBE}.Debug|Any CPU.Build.0 = Debug|Any CPU
		{2A190558-1225-409B-9183-6222B1E81FBE}.Release|Any CPU.ActiveCfg = Release|Any CPU
		{2A190558-1225-409B-9183-6222B1E81FBE}.Release|Any CPU.Build.0 = Release|Any CPU
		{6582FC1E-E9CF-47A8-AE52-665A2D5B55CC}.Debug|Any CPU.ActiveCfg = Debug|Any CPU
		{6582FC1E-E9CF-47A8-AE52-665A2D5B55CC}.Debug|Any CPU.Build.0 = Debug|Any CPU
		{6582FC1E-E9CF-47A8-AE52-665A2D5B55CC}.Release|Any CPU.ActiveCfg = Release|Any CPU
		{6582FC1E-E9CF-47A8-AE52-665A2D5B55CC}.Release|Any CPU.Build.0 = Release|Any CPU
		{FC1F9C43-7D19-4B9E-8BE1-3595CBA6A438}.Debug|Any CPU.ActiveCfg = Debug|Any CPU
		{FC1F9C43-7D19-4B9E-8BE1-3595CBA6A438}.Debug|Any CPU.Build.0 = Debug|Any CPU
		{FC1F9C43-7D19-4B9E-8BE1-3595CBA6A438}.Release|Any CPU.ActiveCfg = Release|Any CPU
		{FC1F9C43-7D19-4B9E-8BE1-3595CBA6A438}.Release|Any CPU.Build.0 = Release|Any CPU
	EndGlobalSection
	GlobalSection(SolutionProperties) = preSolution
		HideSolutionNode = FALSE
	EndGlobalSection
	GlobalSection(ExtensibilityGlobals) = postSolution
		SolutionGuid = {7DDC22E5-4725-48D5-8613-A83C4BA8923C}
	EndGlobalSection
EndGlobal
